
Microsoft Visual Studio Solution File, Format Version 12.00
# Visual Studio Version 17
VisualStudioVersion = 17.0.31912.275
MinimumVisualStudioVersion = 10.0.40219.1
Project("{FAE04EC0-301F-11D3-BF4B-00C04F79EFBC}") = "MyGame.Framework", "MyGame.Framework\MyGame.Framework.csproj", "{AD3569B3-87E6-4374-99C0-B6AAAE1307B3}"
EndProject
Project("{FAE04EC0-301F-11D3-BF4B-00C04F79EFBC}") = "MyGame.Core", "MyGame.Core\MyGame.Core.csproj", "{21181299-BE5E-4586-82F3-E3D425C05BC3}"
EndProject
Project("{FAE04EC0-301F-11D3-BF4B-00C04F79EFBC}") = "MyGame.Console", "MyGame.Console\MyGame.Console.csproj", "{0C3308D6-A569-4B7D-A1FF-FEB3F1BC3F91}"
EndProject
Global
	GlobalSection(SolutionConfigurationPlatforms) = preSolution
		Debug|Any CPU = Debug|Any CPU
		Release|Any CPU = Release|Any CPU
	EndGlobalSection
	GlobalSection(ProjectConfigurationPlatforms) = postSolution
		{AD3569B3-87E6-4374-99C0-B6AAAE1307B3}.Debug|Any CPU.ActiveCfg = Debug|Any CPU
		{AD3569B3-87E6-4374-99C0-B6AAAE1307B3}.Debug|Any CPU.Build.0 = Debug|Any CPU
		{AD3569B3-87E6-4374-99C0-B6AAAE1307B3}.Release|Any CPU.ActiveCfg = Release|Any CPU
		{AD3569B3-87E6-4374-99C0-B6AAAE1307B3}.Release|Any CPU.Build.0 = Release|Any CPU
		{21181299-BE5E-4586-82F3-E3D425C05BC3}.Debug|Any CPU.ActiveCfg = Debug|Any CPU
		{21181299-BE5E-4586-82F3-E3D425C05BC3}.Debug|Any CPU.Build.0 = Debug|Any CPU
		{21181299-BE5E-4586-82F3-E3D425C05BC3}.Release|Any CPU.ActiveCfg = Release|Any CPU
		{21181299-BE5E-4586-82F3-E3D425C05BC3}.Release|Any CPU.Build.0 = Release|Any CPU
		{0C3308D6-A569-4B7D-A1FF-FEB3F1BC3F91}.Debug|Any CPU.ActiveCfg = Debug|Any CPU
		{0C3308D6-A569-4B7D-A1FF-FEB3F1BC3F91}.Debug|Any CPU.Build.0 = Debug|Any CPU
		{0C3308D6-A569-4B7D-A1FF-FEB3F1BC3F91}.Release|Any CPU.ActiveCfg = Release|Any CPU
		{0C3308D6-A569-4B7D-A1FF-FEB3F1BC3F91}.Release|Any CPU.Build.0 = Release|Any CPU
	EndGlobalSection
	GlobalSection(SolutionProperties) = preSolution
		HideSolutionNode = FALSE
	EndGlobalSection
	GlobalSection(ExtensibilityGlobals) = postSolution
		SolutionGuid = {382EAA4E-D19C-4C88-946A-D016609074E7}
	EndGlobalSection
EndGlobal
